{
  "name": "app",
  "version": "1.0.0",
  "lockfileVersion": 2,
  "requires": true,
  "packages": {
    "": {
      "name": "app",
      "version": "1.0.0",
      "license": "ISC",
      "dependencies": {
        "lion-lib-203947": "^1.0.0"
      }
    },
    "node_modules/lion-lib-203947": {
      "version": "1.0.0",
      "resolved": "https://registry.npmjs.org/lion-lib-203947/-/lion-lib-203947-1.0.0.tgz",
      "integrity": "sha512-7wLI+f1vkC3PBoGvTTv3lGRqWslUw1mlgZwNKbU5bFx3yswovjL/H7xTWe+R0wlBQwqyuxwEKqraM8hUleyaTg=="
    }
  },
  "dependencies": {
    "lion-lib-203947": {
      "version": "1.0.0",
      "resolved": "https://registry.npmjs.org/lion-lib-203947/-/lion-lib-203947-1.0.0.tgz",
      "integrity": "sha512-7wLI+f1vkC3PBoGvTTv3lGRqWslUw1mlgZwNKbU5bFx3yswovjL/H7xTWe+R0wlBQwqyuxwEKqraM8hUleyaTg=="
    }
  }
}
